
Microsoft Visual Studio Solution File, Format Version 12.00
# Visual Studio Version 16
VisualStudioVersion = 16.0.30028.174
MinimumVisualStudioVersion = 10.0.40219.1
Project("{2150E333-8FDC-42A3-9474-1A3956D46DE8}") = "Share", "Share", "{42576797-B3CB-4D08-8A84-C5F89120D167}"
EndProject
Project("{D954291E-2A0B-460D-934E-DC6B0785DB48}") = "AiSoft.Tools", "Share\AiSoft.Tools\AiSoft.Tools.shproj", "{CB5DB8AF-248E-4C9A-B9A9-4112D9857301}"
EndProject
Project("{9A19103F-16F7-4668-BE54-9A1E7A4F7556}") = "AiSoft.Tools", "Core\AiSoft.Tools\AiSoft.Tools.csproj", "{11BC40D5-C5D0-4AEC-9ADD-84F462F1BEAA}"
EndProject
Project("{2150E333-8FDC-42A3-9474-1A3956D46DE8}") = "Core", "Core", "{95A86C2C-FBB5-436C-94AC-938CF6B0CB3C}"
EndProject
Global
	GlobalSection(SharedMSBuildProjectFiles) = preSolution
		Share\AiSoft.Tools\AiSoft.Tools.projitems*{11bc40d5-c5d0-4aec-9add-84f462f1beaa}*SharedItemsImports = 5
		Share\AiSoft.Tools\AiSoft.Tools.projitems*{cb5db8af-248e-4c9a-b9a9-4112d9857301}*SharedItemsImports = 13
	EndGlobalSection
	GlobalSection(SolutionConfigurationPlatforms) = preSolution
		Debug|Any CPU = Debug|Any CPU
		Release|Any CPU = Release|Any CPU
	EndGlobalSection
	GlobalSection(ProjectConfigurationPlatforms) = postSolution
		{11BC40D5-C5D0-4AEC-9ADD-84F462F1BEAA}.Debug|Any CPU.ActiveCfg = Debug|Any CPU
		{11BC40D5-C5D0-4AEC-9ADD-84F462F1BEAA}.Debug|Any CPU.Build.0 = Debug|Any CPU
		{11BC40D5-C5D0-4AEC-9ADD-84F462F1BEAA}.Release|Any CPU.ActiveCfg = Release|Any CPU
		{11BC40D5-C5D0-4AEC-9ADD-84F462F1BEAA}.Release|Any CPU.Build.0 = Release|Any CPU
	EndGlobalSection
	GlobalSection(SolutionProperties) = preSolution
		HideSolutionNode = FALSE
	EndGlobalSection
	GlobalSection(NestedProjects) = preSolution
		{CB5DB8AF-248E-4C9A-B9A9-4112D9857301} = {42576797-B3CB-4D08-8A84-C5F89120D167}
		{11BC40D5-C5D0-4AEC-9ADD-84F462F1BEAA} = {95A86C2C-FBB5-436C-94AC-938CF6B0CB3C}
	EndGlobalSection
	GlobalSection(ExtensibilityGlobals) = postSolution
		SolutionGuid = {AAE3E200-5149-43EA-B434-D724EC4DA7B8}
	EndGlobalSection
EndGlobal
